
Microsoft Visual Studio Solution File, Format Version 12.00
Project("{FAE04EC0-301F-11D3-BF4B-00C04F79EFBC}") = "KotlinSharp", "KotlinSharp\KotlinSharp.csproj", "{6D7FED6F-B44E-4CA4-9833-0F5BF173BAFC}"
EndProject
Project("{FAE04EC0-301F-11D3-BF4B-00C04F79EFBC}") = "ConsoleTests", "ConsoleTests\ConsoleTests.csproj", "{7770D46B-CD28-44C2-9CC7-B6CADC28EAA2}"
EndProject
Global
	GlobalSection(SolutionConfigurationPlatforms) = preSolution
		Debug|Any CPU = Debug|Any CPU
		Release|Any CPU = Release|Any CPU
	EndGlobalSection
	GlobalSection(ProjectConfigurationPlatforms) = postSolution
		{6D7FED6F-B44E-4CA4-9833-0F5BF173BAFC}.Debug|Any CPU.ActiveCfg = Debug|Any CPU
		{6D7FED6F-B44E-4CA4-9833-0F5BF173BAFC}.Debug|Any CPU.Build.0 = Debug|Any CPU
		{6D7FED6F-B44E-4CA4-9833-0F5BF173BAFC}.Release|Any CPU.ActiveCfg = Release|Any CPU
		{6D7FED6F-B44E-4CA4-9833-0F5BF173BAFC}.Release|Any CPU.Build.0 = Release|Any CPU
		{7770D46B-CD28-44C2-9CC7-B6CADC28EAA2}.Debug|Any CPU.ActiveCfg = Debug|Any CPU
		{7770D46B-CD28-44C2-9CC7-B6CADC28EAA2}.Debug|Any CPU.Build.0 = Debug|Any CPU
		{7770D46B-CD28-44C2-9CC7-B6CADC28EAA2}.Release|Any CPU.ActiveCfg = Release|Any CPU
		{7770D46B-CD28-44C2-9CC7-B6CADC28EAA2}.Release|Any CPU.Build.0 = Release|Any CPU
	EndGlobalSection
EndGlobal
